
Microsoft Visual Studio Solution File, Format Version 12.00
# Visual Studio Version 17
VisualStudioVersion = 17.0.31919.166
MinimumVisualStudioVersion = 10.0.40219.1
Project("{FAE04EC0-301F-11D3-BF4B-00C04F79EFBC}") = "NataliesCupcakeShop", "NataliesCupcakeShop\NataliesCupcakeShop.csproj", "{7317D5F1-C906-43A2-A8C7-5B8A5773CF82}"
EndProject
Project("{FAE04EC0-301F-11D3-BF4B-00C04F79EFBC}") = "Foundation", "Foundation\Foundation.csproj", "{6802249F-D2B5-42B3-BB3E-3B49C653D2A4}"
EndProject
Global
	GlobalSection(SolutionConfigurationPlatforms) = preSolution
		Debug|Any CPU = Debug|Any CPU
		Release|Any CPU = Release|Any CPU
	EndGlobalSection
	GlobalSection(ProjectConfigurationPlatforms) = postSolution
		{7317D5F1-C906-43A2-A8C7-5B8A5773CF82}.Debug|Any CPU.ActiveCfg = Debug|Any CPU
		{7317D5F1-C906-43A2-A8C7-5B8A5773CF82}.Debug|Any CPU.Build.0 = Debug|Any CPU
		{7317D5F1-C906-43A2-A8C7-5B8A5773CF82}.Release|Any CPU.ActiveCfg = Release|Any CPU
		{7317D5F1-C906-43A2-A8C7-5B8A5773CF82}.Release|Any CPU.Build.0 = Release|Any CPU
		{6802249F-D2B5-42B3-BB3E-3B49C653D2A4}.Debug|Any CPU.ActiveCfg = Debug|Any CPU
		{6802249F-D2B5-42B3-BB3E-3B49C653D2A4}.Debug|Any CPU.Build.0 = Debug|Any CPU
		{6802249F-D2B5-42B3-BB3E-3B49C653D2A4}.Release|Any CPU.ActiveCfg = Release|Any CPU
		{6802249F-D2B5-42B3-BB3E-3B49C653D2A4}.Release|Any CPU.Build.0 = Release|Any CPU
	EndGlobalSection
	GlobalSection(SolutionProperties) = preSolution
		HideSolutionNode = FALSE
	EndGlobalSection
	GlobalSection(ExtensibilityGlobals) = postSolution
		SolutionGuid = {A58B22E8-3792-495F-9CDF-5C282D19FB8E}
	EndGlobalSection
EndGlobal
